
Microsoft Visual Studio Solution File, Format Version 12.00
# Visual Studio Version 16
VisualStudioVersion = 16.0.33423.256
MinimumVisualStudioVersion = 10.0.40219.1
Project("{FAE04EC0-301F-11D3-BF4B-00C04F79EFBC}") = "todolist_", "todolist_\todolist_.csproj", "{342ED4F7-6C36-4A59-8F9A-51017A4EA071}"
EndProject
Global
	GlobalSection(SolutionConfigurationPlatforms) = preSolution
		Debug|Any CPU = Debug|Any CPU
		Release|Any CPU = Release|Any CPU
	EndGlobalSection
	GlobalSection(ProjectConfigurationPlatforms) = postSolution
		{342ED4F7-6C36-4A59-8F9A-51017A4EA071}.Debug|Any CPU.ActiveCfg = Debug|Any CPU
		{342ED4F7-6C36-4A59-8F9A-51017A4EA071}.Debug|Any CPU.Build.0 = Debug|Any CPU
		{342ED4F7-6C36-4A59-8F9A-51017A4EA071}.Release|Any CPU.ActiveCfg = Release|Any CPU
		{342ED4F7-6C36-4A59-8F9A-51017A4EA071}.Release|Any CPU.Build.0 = Release|Any CPU
	EndGlobalSection
	GlobalSection(SolutionProperties) = preSolution
		HideSolutionNode = FALSE
	EndGlobalSection
	GlobalSection(ExtensibilityGlobals) = postSolution
		SolutionGuid = {472CAF58-8C45-4167-BD0B-0A4C9D24BCE8}
	EndGlobalSection
EndGlobal
